<?xml version="1.0" encoding="utf-8"?>
<Project ToolsVersion="4.0" xmlns="http://schemas.microsoft.com/developer/msbuild/2003">
  <ItemGroup>
    <ClCompile Include="GameTest.cpp" />
    <ClCompile Include="App\app.cpp">
      <Filter>API</Filter>
    </ClCompile>
    <ClCompile Include="App\main.cpp">
      <Filter>API</Filter>
    </ClCompile>
    <ClCompile Include="stdafx.cpp">
      <Filter>API</Filter>
    </ClCompile>
    <ClCompile Include="App\SimpleSprite.cpp">
      <Filter>API</Filter>
    </ClCompile>
    <ClCompile Include="App\SimpleSound.cpp">
      <Filter>API</Filter>
    </ClCompile>
    <ClCompile Include="App\SimpleController.cpp">
      <Filter>API</Filter>
    </ClCompile>
    <ClCompile Include="App\TextureLoader.cpp">
      <Filter>API</Filter>
    </ClCompile>
    <ClCompile Include="App\ExtendedSource\GameObjects\Camera.cpp">
      <Filter>API\ExtendedSource\GameObjects</Filter>
    </ClCompile>
    <ClCompile Include="App\ExtendedSource\GameObjects\GameObject.cpp">
      <Filter>API\ExtendedSource\GameObjects</Filter>
    </ClCompile>
    <ClCompile Include="App\ExtendedSource\Scene.cpp">
      <Filter>API\ExtendedSource</Filter>
    </ClCompile>
    <ClCompile Include="App\ExtendedSource\GameObjects\Monsters\Monster.cpp">
      <Filter>API\ExtendedSource\GameObjects\Monsters</Filter>
    </ClCompile>
    <ClCompile Include="App\ExtendedSource\GameObjects\Monsters\MonsterSquiddle.cpp">
      <Filter>API\ExtendedSource\GameObjects\Monsters</Filter>
    </ClCompile>
    <ClCompile Include="App\ExtendedSource\GameObjects\Towers\BaseProjectile.cpp">
      <Filter>API\ExtendedSource\GameObjects\Towers</Filter>
    </ClCompile>
    <ClCompile Include="App\ExtendedSource\GameObjects\Towers\CubeTower.cpp">
      <Filter>API\ExtendedSource\GameObjects\Towers</Filter>
    </ClCompile>
    <ClCompile Include="App\ExtendedSource\GameObjects\Towers\Tower.cpp">
      <Filter>API\ExtendedSource\GameObjects\Towers</Filter>
    </ClCompile>
    <ClCompile Include="App\ExtendedSource\GameObjects\Towers\TurretTower.cpp">
      <Filter>API\ExtendedSource\GameObjects\Towers</Filter>
    </ClCompile>
    <ClCompile Include="App\ExtendedSource\GameObjects\Towers\WaveTower.cpp">
      <Filter>API\ExtendedSource\GameObjects\Towers</Filter>
    </ClCompile>
    <ClCompile Include="App\ExtendedSource\Meshes\AnimatedMesh.cpp">
      <Filter>API\ExtendedSource\Meshes</Filter>
    </ClCompile>
    <ClCompile Include="App\ExtendedSource\Meshes\Mesh.cpp">
      <Filter>API\ExtendedSource\Meshes</Filter>
    </ClCompile>
    <ClCompile Include="App\ExtendedSource\GameObjects\Towers\WaveProjectile.cpp">
      <Filter>API\ExtendedSource\GameObjects\Towers</Filter>
    </ClCompile>
    <ClCompile Include="App\ExtendedSource\GameObjects\Monsters\MonsterTanker.cpp">
      <Filter>API\ExtendedSource\GameObjects\Monsters</Filter>
    </ClCompile>
    <ClCompile Include="App\ExtendedSource\GameObjects\Monsters\MonsterDasher.cpp">
      <Filter>API\ExtendedSource\GameObjects\Monsters</Filter>
    </ClCompile>
    <ClCompile Include="App\ExtendedSource\GameObjects\Towers\NukeProjectile.cpp">
      <Filter>API\ExtendedSource\GameObjects\Towers</Filter>
    </ClCompile>
  </ItemGroup>
  <ItemGroup>
    <ClInclude Include="App\app.h">
      <Filter>API</Filter>
    </ClInclude>
    <ClInclude Include="App\AppSettings.h">
      <Filter>API</Filter>
    </ClInclude>
    <ClInclude Include="App\main.h">
      <Filter>API</Filter>
    </ClInclude>
    <ClInclude Include="targetver.h">
      <Filter>API</Filter>
    </ClInclude>
    <ClInclude Include="stdafx.h">
      <Filter>API</Filter>
    </ClInclude>
    <ClInclude Include="App\SimpleSprite.h">
      <Filter>API</Filter>
    </ClInclude>
    <ClInclude Include="App\SimpleSound.h">
      <Filter>API</Filter>
    </ClInclude>
    <ClInclude Include="App\SimpleController.h">
      <Filter>API</Filter>
    </ClInclude>
    <ClInclude Include="App\TextureLoader.h">
      <Filter>API</Filter>
    </ClInclude>
    <ClInclude Include="App\ExtendedSource\GameObjects\Camera.h">
      <Filter>API\ExtendedSource\GameObjects</Filter>
    </ClInclude>
    <ClInclude Include="App\ExtendedSource\GameObjects\GameObject.h">
      <Filter>API\ExtendedSource\GameObjects</Filter>
    </ClInclude>
    <ClInclude Include="App\ExtendedSource\Scene.h">
      <Filter>API\ExtendedSource</Filter>
    </ClInclude>
    <ClInclude Include="App\ExtendedSource\GameObjects\Monsters\Monster.h">
      <Filter>API\ExtendedSource\GameObjects\Monsters</Filter>
    </ClInclude>
    <ClInclude Include="App\ExtendedSource\GameObjects\Monsters\MonsterSquiddle.h">
      <Filter>API\ExtendedSource\GameObjects\Monsters</Filter>
    </ClInclude>
    <ClInclude Include="App\ExtendedSource\GameObjects\Towers\BaseProjectile.h">
      <Filter>API\ExtendedSource\GameObjects\Towers</Filter>
    </ClInclude>
    <ClInclude Include="App\ExtendedSource\GameObjects\Towers\CubeTower.h">
      <Filter>API\ExtendedSource\GameObjects\Towers</Filter>
    </ClInclude>
    <ClInclude Include="App\ExtendedSource\GameObjects\Towers\Tower.h">
      <Filter>API\ExtendedSource\GameObjects\Towers</Filter>
    </ClInclude>
    <ClInclude Include="App\ExtendedSource\GameObjects\Towers\TurretTower.h">
      <Filter>API\ExtendedSource\GameObjects\Towers</Filter>
    </ClInclude>
    <ClInclude Include="App\ExtendedSource\GameObjects\Towers\WaveTower.h">
      <Filter>API\ExtendedSource\GameObjects\Towers</Filter>
    </ClInclude>
    <ClInclude Include="App\ExtendedSource\Meshes\AnimatedMesh.h">
      <Filter>API\ExtendedSource\Meshes</Filter>
    </ClInclude>
    <ClInclude Include="App\ExtendedSource\Meshes\Mesh.h">
      <Filter>API\ExtendedSource\Meshes</Filter>
    </ClInclude>
    <ClInclude Include="App\ExtendedSource\Helpers\Button.h">
      <Filter>API\ExtendedSource\Helpers</Filter>
    </ClInclude>
    <ClInclude Include="App\ExtendedSource\GameObjects\Towers\WaveProjectile.h">
      <Filter>API\ExtendedSource\GameObjects\Towers</Filter>
    </ClInclude>
    <ClInclude Include="App\ExtendedSource\GameObjects\Monsters\MonsterTanker.h">
      <Filter>API\ExtendedSource\GameObjects\Monsters</Filter>
    </ClInclude>
    <ClInclude Include="App\ExtendedSource\GameObjects\Monsters\MonsterDasher.h">
      <Filter>API\ExtendedSource\GameObjects\Monsters</Filter>
    </ClInclude>
    <ClInclude Include="App\ExtendedSource\Helpers\Spawner.h">
      <Filter>API\ExtendedSource\Helpers</Filter>
    </ClInclude>
    <ClInclude Include="App\ExtendedSource\Helpers\ResourceManager.h">
      <Filter>API\ExtendedSource\Helpers</Filter>
    </ClInclude>
    <ClInclude Include="App\ExtendedSource\Helpers\SimpleMath.h">
      <Filter>API\ExtendedSource\Helpers</Filter>
    </ClInclude>
    <ClInclude Include="App\ExtendedSource\GameObjects\Towers\NukeProjectile.h">
      <Filter>API\ExtendedSource\GameObjects\Towers</Filter>
    </ClInclude>
    <ClInclude Include="App\ExtendedSource\Helpers\ShopButton.h">
      <Filter>API\ExtendedSource\Helpers</Filter>
    </ClInclude>
    <ClInclude Include="App\ExtendedSource\Meshes\OBJLoader.h">
      <Filter>API\ExtendedSource\Meshes</Filter>
    </ClInclude>
  </ItemGroup>
  <ItemGroup>
    <Text Include="ReadMe.txt" />
  </ItemGroup>
  <ItemGroup>
    <Filter Include="API">
      <UniqueIdentifier>{3e1485bf-3449-4966-8760-976ee866544b}</UniqueIdentifier>
    </Filter>
    <Filter Include="API\ExtendedSource">
      <UniqueIdentifier>{985e1fd4-216b-46f1-acfb-c1c7e00e0aee}</UniqueIdentifier>
    </Filter>
    <Filter Include="API\ExtendedSource\Meshes">
      <UniqueIdentifier>{bdf6a803-cc20-48cb-a762-2d013ac2e95b}</UniqueIdentifier>
    </Filter>
    <Filter Include="API\ExtendedSource\GameObjects">
      <UniqueIdentifier>{d6238bc8-173e-4948-b451-0fb33257de0c}</UniqueIdentifier>
    </Filter>
    <Filter Include="API\ExtendedSource\GameObjects\Towers">
      <UniqueIdentifier>{6963b80d-f7d5-48dc-886d-d92e2486c1d0}</UniqueIdentifier>
    </Filter>
    <Filter Include="API\ExtendedSource\GameObjects\Monsters">
      <UniqueIdentifier>{314dc525-3322-4d8c-ab00-e2a1591d780c}</UniqueIdentifier>
    </Filter>
    <Filter Include="API\ExtendedSource\Helpers">
      <UniqueIdentifier>{89388bf1-e5d0-4bf7-9124-265398a3fe31}</UniqueIdentifier>
    </Filter>
  </ItemGroup>
</Project>